// !$*UTF8*$!
{
	archiveVersion = 1;
	classes = {
	};
	objectVersion = 56;
	objects = {

/* Begin PBXBuildFile section */
		697434EA294DA0FF004A11C6 /* AppDelegate.swift in Sources */ = {isa = PBXBuildFile; fileRef = 697434E9294DA0FF004A11C6 /* AppDelegate.swift */; };
		697434EC294DA0FF004A11C6 /* SceneDelegate.swift in Sources */ = {isa = PBXBuildFile; fileRef = 697434EB294DA0FF004A11C6 /* SceneDelegate.swift */; };
		697434EE294DA0FF004A11C6 /* MainTabBarViewController.swift in Sources */ = {isa = PBXBuildFile; fileRef = 697434ED294DA0FF004A11C6 /* MainTabBarViewController.swift */; };
		697434F3294DA100004A11C6 /* Assets.xcassets in Resources */ = {isa = PBXBuildFile; fileRef = 697434F2294DA100004A11C6 /* Assets.xcassets */; };
		697434F6294DA100004A11C6 /* LaunchScreen.storyboard in Resources */ = {isa = PBXBuildFile; fileRef = 697434F4294DA100004A11C6 /* LaunchScreen.storyboard */; };
		69743501294DA100004A11C6 /* netflix_cloneTests.swift in Sources */ = {isa = PBXBuildFile; fileRef = 69743500294DA100004A11C6 /* netflix_cloneTests.swift */; };
		6974350B294DA100004A11C6 /* netflix_cloneUITests.swift in Sources */ = {isa = PBXBuildFile; fileRef = 6974350A294DA100004A11C6 /* netflix_cloneUITests.swift */; };
		6974350D294DA100004A11C6 /* netflix_cloneUITestsLaunchTests.swift in Sources */ = {isa = PBXBuildFile; fileRef = 6974350C294DA100004A11C6 /* netflix_cloneUITestsLaunchTests.swift */; };
		69DE86EE297056BE002D6056 /* HomeViewController.swift in Sources */ = {isa = PBXBuildFile; fileRef = 69DE86ED297056BE002D6056 /* HomeViewController.swift */; };
		69DE86F0297056F6002D6056 /* UpcomingViewController.swift in Sources */ = {isa = PBXBuildFile; fileRef = 69DE86EF297056F6002D6056 /* UpcomingViewController.swift */; };
		69DE86F22970575D002D6056 /* SearchViewController.swift in Sources */ = {isa = PBXBuildFile; fileRef = 69DE86F12970575D002D6056 /* SearchViewController.swift */; };
		69DE86F42970577D002D6056 /* DownloadsViewController.swift in Sources */ = {isa = PBXBuildFile; fileRef = 69DE86F32970577D002D6056 /* DownloadsViewController.swift */; };
/* End PBXBuildFile section */

/* Begin PBXContainerItemProxy section */
		697434FD294DA100004A11C6 /* PBXContainerItemProxy */ = {
			isa = PBXContainerItemProxy;
			containerPortal = 697434DE294DA0FF004A11C6 /* Project object */;
			proxyType = 1;
			remoteGlobalIDString = 697434E5294DA0FF004A11C6;
			remoteInfo = "netflix-clone";
		};
		69743507294DA100004A11C6 /* PBXContainerItemProxy */ = {
			isa = PBXContainerItemProxy;
			containerPortal = 697434DE294DA0FF004A11C6 /* Project object */;
			proxyType = 1;
			remoteGlobalIDString = 697434E5294DA0FF004A11C6;
			remoteInfo = "netflix-clone";
		};
/* End PBXContainerItemProxy section */

/* Begin PBXFileReference section */
		697434E6294DA0FF004A11C6 /* netflix-clone.app */ = {isa = PBXFileReference; explicitFileType = wrapper.application; includeInIndex = 0; path = "netflix-clone.app"; sourceTree = BUILT_PRODUCTS_DIR; };
		697434E9294DA0FF004A11C6 /* AppDelegate.swift */ = {isa = PBXFileReference; lastKnownFileType = sourcecode.swift; path = AppDelegate.swift; sourceTree = "<group>"; };
		697434EB294DA0FF004A11C6 /* SceneDelegate.swift */ = {isa = PBXFileReference; lastKnownFileType = sourcecode.swift; path = SceneDelegate.swift; sourceTree = "<group>"; };
		697434ED294DA0FF004A11C6 /* MainTabBarViewController.swift */ = {isa = PBXFileReference; lastKnownFileType = sourcecode.swift; path = MainTabBarViewController.swift; sourceTree = "<group>"; };
		697434F2294DA100004A11C6 /* Assets.xcassets */ = {isa = PBXFileReference; lastKnownFileType = folder.assetcatalog; path = Assets.xcassets; sourceTree = "<group>"; };
		697434F5294DA100004A11C6 /* Base */ = {isa = PBXFileReference; lastKnownFileType = file.storyboard; name = Base; path = Base.lproj/LaunchScreen.storyboard; sourceTree = "<group>"; };
		697434F7294DA100004A11C6 /* Info.plist */ = {isa = PBXFileReference; lastKnownFileType = text.plist.xml; path = Info.plist; sourceTree = "<group>"; };
		697434FC294DA100004A11C6 /* netflix-cloneTests.xctest */ = {isa = PBXFileReference; explicitFileType = wrapper.cfbundle; includeInIndex = 0; path = "netflix-cloneTests.xctest"; sourceTree = BUILT_PRODUCTS_DIR; };
		69743500294DA100004A11C6 /* netflix_cloneTests.swift */ = {isa = PBXFileReference; lastKnownFileType = sourcecode.swift; path = netflix_cloneTests.swift; sourceTree = "<group>"; };
		69743506294DA100004A11C6 /* netflix-cloneUITests.xctest */ = {isa = PBXFileReference; explicitFileType = wrapper.cfbundle; includeInIndex = 0; path = "netflix-cloneUITests.xctest"; sourceTree = BUILT_PRODUCTS_DIR; };
		6974350A294DA100004A11C6 /* netflix_cloneUITests.swift */ = {isa = PBXFileReference; lastKnownFileType = sourcecode.swift; path = netflix_cloneUITests.swift; sourceTree = "<group>"; };
		6974350C294DA100004A11C6 /* netflix_cloneUITestsLaunchTests.swift */ = {isa = PBXFileReference; lastKnownFileType = sourcecode.swift; path = netflix_cloneUITestsLaunchTests.swift; sourceTree = "<group>"; };
		69743519294DA4A9004A11C6 /* README.md */ = {isa = PBXFileReference; lastKnownFileType = net.daringfireball.markdown; path = README.md; sourceTree = "<group>"; };
		69D1926E294DA6A4003575A7 /* LICENSE */ = {isa = PBXFileReference; lastKnownFileType = text; path = LICENSE; sourceTree = "<group>"; };
		69D1926F294DA6FC003575A7 /* .gitignore */ = {isa = PBXFileReference; lastKnownFileType = text; path = .gitignore; sourceTree = "<group>"; };
		69DE86ED297056BE002D6056 /* HomeViewController.swift */ = {isa = PBXFileReference; lastKnownFileType = sourcecode.swift; path = HomeViewController.swift; sourceTree = "<group>"; };
		69DE86EF297056F6002D6056 /* UpcomingViewController.swift */ = {isa = PBXFileReference; lastKnownFileType = sourcecode.swift; path = UpcomingViewController.swift; sourceTree = "<group>"; };
		69DE86F12970575D002D6056 /* SearchViewController.swift */ = {isa = PBXFileReference; lastKnownFileType = sourcecode.swift; path = SearchViewController.swift; sourceTree = "<group>"; };
		69DE86F32970577D002D6056 /* DownloadsViewController.swift */ = {isa = PBXFileReference; lastKnownFileType = sourcecode.swift; path = DownloadsViewController.swift; sourceTree = "<group>"; };
/* End PBXFileReference section */

/* Begin PBXFrameworksBuildPhase section */
		697434E3294DA0FF004A11C6 /* Frameworks */ = {
			isa = PBXFrameworksBuildPhase;
			buildActionMask = 2147483647;
			files = (
			);
			runOnlyForDeploymentPostprocessing = 0;
		};
		697434F9294DA100004A11C6 /* Frameworks */ = {
			isa = PBXFrameworksBuildPhase;
			buildActionMask = 2147483647;
			files = (
			);
			runOnlyForDeploymentPostprocessing = 0;
		};
		69743503294DA100004A11C6 /* Frameworks */ = {
			isa = PBXFrameworksBuildPhase;
			buildActionMask = 2147483647;
			files = (
			);
			runOnlyForDeploymentPostprocessing = 0;
		};
/* End PBXFrameworksBuildPhase section */

/* Begin PBXGroup section */
		697434DD294DA0FF004A11C6 = {
			isa = PBXGroup;
			children = (
				69D1926F294DA6FC003575A7 /* .gitignore */,
				69D1926E294DA6A4003575A7 /* LICENSE */,
				69743519294DA4A9004A11C6 /* README.md */,
				697434E8294DA0FF004A11C6 /* netflix-clone */,
				697434FF294DA100004A11C6 /* netflix-cloneTests */,
				69743509294DA100004A11C6 /* netflix-cloneUITests */,
				697434E7294DA0FF004A11C6 /* Products */,
			);
			sourceTree = "<group>";
		};
		697434E7294DA0FF004A11C6 /* Products */ = {
			isa = PBXGroup;
			children = (
				697434E6294DA0FF004A11C6 /* netflix-clone.app */,
				697434FC294DA100004A11C6 /* netflix-cloneTests.xctest */,
				69743506294DA100004A11C6 /* netflix-cloneUITests.xctest */,
			);
			name = Products;
			sourceTree = "<group>";
		};
		697434E8294DA0FF004A11C6 /* netflix-clone */ = {
			isa = PBXGroup;
			children = (
				69DE86EC29705617002D6056 /* Controllers */,
				697434E9294DA0FF004A11C6 /* AppDelegate.swift */,
				697434EB294DA0FF004A11C6 /* SceneDelegate.swift */,
				697434ED294DA0FF004A11C6 /* MainTabBarViewController.swift */,
				697434F2294DA100004A11C6 /* Assets.xcassets */,
				697434F4294DA100004A11C6 /* LaunchScreen.storyboard */,
				697434F7294DA100004A11C6 /* Info.plist */,
			);
			path = "netflix-clone";
			sourceTree = "<group>";
		};
		697434FF294DA100004A11C6 /* netflix-cloneTests */ = {
			isa = PBXGroup;
			children = (
				69743500294DA100004A11C6 /* netflix_cloneTests.swift */,
			);
			path = "netflix-cloneTests";
			sourceTree = "<group>";
		};
		69743509294DA100004A11C6 /* netflix-cloneUITests */ = {
			isa = PBXGroup;
			children = (
				6974350A294DA100004A11C6 /* netflix_cloneUITests.swift */,
				6974350C294DA100004A11C6 /* netflix_cloneUITestsLaunchTests.swift */,
			);
			path = "netflix-cloneUITests";
			sourceTree = "<group>";
		};
		69DE86EC29705617002D6056 /* Controllers */ = {
			isa = PBXGroup;
			children = (
				69DE86ED297056BE002D6056 /* HomeViewController.swift */,
				69DE86EF297056F6002D6056 /* UpcomingViewController.swift */,
				69DE86F12970575D002D6056 /* SearchViewController.swift */,
				69DE86F32970577D002D6056 /* DownloadsViewController.swift */,
			);
			path = Controllers;
			sourceTree = "<group>";
		};
/* End PBXGroup section */

/* Begin PBXNativeTarget section */
		697434E5294DA0FF004A11C6 /* netflix-clone */ = {
			isa = PBXNativeTarget;
			buildConfigurationList = 69743510294DA100004A11C6 /* Build configuration list for PBXNativeTarget "netflix-clone" */;
			buildPhases = (
				697434E2294DA0FF004A11C6 /* Sources */,
				697434E3294DA0FF004A11C6 /* Frameworks */,
				697434E4294DA0FF004A11C6 /* Resources */,
			);
			buildRules = (
			);
			dependencies = (
			);
			name = "netflix-clone";
			productName = "netflix-clone";
			productReference = 697434E6294DA0FF004A11C6 /* netflix-clone.app */;
			productType = "com.apple.product-type.application";
		};
		697434FB294DA100004A11C6 /* netflix-cloneTests */ = {
			isa = PBXNativeTarget;
			buildConfigurationList = 69743513294DA100004A11C6 /* Build configuration list for PBXNativeTarget "netflix-cloneTests" */;
			buildPhases = (
				697434F8294DA100004A11C6 /* Sources */,
				697434F9294DA100004A11C6 /* Frameworks */,
				697434FA294DA100004A11C6 /* Resources */,
			);
			buildRules = (
			);
			dependencies = (
				697434FE294DA100004A11C6 /* PBXTargetDependency */,
			);
			name = "netflix-cloneTests";
			productName = "netflix-cloneTests";
			productReference = 697434FC294DA100004A11C6 /* netflix-cloneTests.xctest */;
			productType = "com.apple.product-type.bundle.unit-test";
		};
		69743505294DA100004A11C6 /* netflix-cloneUITests */ = {
			isa = PBXNativeTarget;
			buildConfigurationList = 69743516294DA100004A11C6 /* Build configuration list for PBXNativeTarget "netflix-cloneUITests" */;
			buildPhases = (
				69743502294DA100004A11C6 /* Sources */,
				69743503294DA100004A11C6 /* Frameworks */,
				69743504294DA100004A11C6 /* Resources */,
			);
			buildRules = (
			);
			dependencies = (
				69743508294DA100004A11C6 /* PBXTargetDependency */,
			);
			name = "netflix-cloneUITests";
			productName = "netflix-cloneUITests";
			productReference = 69743506294DA100004A11C6 /* netflix-cloneUITests.xctest */;
			productType = "com.apple.product-type.bundle.ui-testing";
		};
/* End PBXNativeTarget section */

/* Begin PBXProject section */
		697434DE294DA0FF004A11C6 /* Project object */ = {
			isa = PBXProject;
			attributes = {
				BuildIndependentTargetsInParallel = 1;
				LastSwiftUpdateCheck = 1400;
				LastUpgradeCheck = 1400;
				TargetAttributes = {
					697434E5294DA0FF004A11C6 = {
						CreatedOnToolsVersion = 14.0.1;
					};
					697434FB294DA100004A11C6 = {
						CreatedOnToolsVersion = 14.0.1;
						TestTargetID = 697434E5294DA0FF004A11C6;
					};
					69743505294DA100004A11C6 = {
						CreatedOnToolsVersion = 14.0.1;
						TestTargetID = 697434E5294DA0FF004A11C6;
					};
				};
			};
			buildConfigurationList = 697434E1294DA0FF004A11C6 /* Build configuration list for PBXProject "netflix-clone" */;
			compatibilityVersion = "Xcode 14.0";
			developmentRegion = en;
			hasScannedForEncodings = 0;
			knownRegions = (
				en,
				Base,
			);
			mainGroup = 697434DD294DA0FF004A11C6;
			productRefGroup = 697434E7294DA0FF004A11C6 /* Products */;
			projectDirPath = "";
			projectRoot = "";
			targets = (
				697434E5294DA0FF004A11C6 /* netflix-clone */,
				697434FB294DA100004A11C6 /* netflix-cloneTests */,
				69743505294DA100004A11C6 /* netflix-cloneUITests */,
			);
		};
/* End PBXProject section */

/* Begin PBXResourcesBuildPhase section */
		697434E4294DA0FF004A11C6 /* Resources */ = {
			isa = PBXResourcesBuildPhase;
			buildActionMask = 2147483647;
			files = (
				697434F6294DA100004A11C6 /* LaunchScreen.storyboard in Resources */,
				697434F3294DA100004A11C6 /* Assets.xcassets in Resources */,
			);
			runOnlyForDeploymentPostprocessing = 0;
		};
		697434FA294DA100004A11C6 /* Resources */ = {
			isa = PBXResourcesBuildPhase;
			buildActionMask = 2147483647;
			files = (
			);
			runOnlyForDeploymentPostprocessing = 0;
		};
		69743504294DA100004A11C6 /* Resources */ = {
			isa = PBXResourcesBuildPhase;
			buildActionMask = 2147483647;
			files = (
			);
			runOnlyForDeploymentPostprocessing = 0;
		};
/* End PBXResourcesBuildPhase section */

/* Begin PBXSourcesBuildPhase section */
		697434E2294DA0FF004A11C6 /* Sources */ = {
			isa = PBXSourcesBuildPhase;
			buildActionMask = 2147483647;
			files = (
				69DE86F22970575D002D6056 /* SearchViewController.swift in Sources */,
				697434EE294DA0FF004A11C6 /* MainTabBarViewController.swift in Sources */,
				69DE86F42970577D002D6056 /* DownloadsViewController.swift in Sources */,
				697434EA294DA0FF004A11C6 /* AppDelegate.swift in Sources */,
				697434EC294DA0FF004A11C6 /* SceneDelegate.swift in Sources */,
				69DE86F0297056F6002D6056 /* UpcomingViewController.swift in Sources */,
				69DE86EE297056BE002D6056 /* HomeViewController.swift in Sources */,
			);
			runOnlyForDeploymentPostprocessing = 0;
		};
		697434F8294DA100004A11C6 /* Sources */ = {
			isa = PBXSourcesBuildPhase;
			buildActionMask = 2147483647;
			files = (
				69743501294DA100004A11C6 /* netflix_cloneTests.swift in Sources */,
			);
			runOnlyForDeploymentPostprocessing = 0;
		};
		69743502294DA100004A11C6 /* Sources */ = {
			isa = PBXSourcesBuildPhase;
			buildActionMask = 2147483647;
			files = (
				6974350B294DA100004A11C6 /* netflix_cloneUITests.swift in Sources */,
				6974350D294DA100004A11C6 /* netflix_cloneUITestsLaunchTests.swift in Sources */,
			);
			runOnlyForDeploymentPostprocessing = 0;
		};
/* End PBXSourcesBuildPhase section */

/* Begin PBXTargetDependency section */
		697434FE294DA100004A11C6 /* PBXTargetDependency */ = {
			isa = PBXTargetDependency;
			target = 697434E5294DA0FF004A11C6 /* netflix-clone */;
			targetProxy = 697434FD294DA100004A11C6 /* PBXContainerItemProxy */;
		};
		69743508294DA100004A11C6 /* PBXTargetDependency */ = {
			isa = PBXTargetDependency;
			target = 697434E5294DA0FF004A11C6 /* netflix-clone */;
			targetProxy = 69743507294DA100004A11C6 /* PBXContainerItemProxy */;
		};
/* End PBXTargetDependency section */

/* Begin PBXVariantGroup section */
		697434F4294DA100004A11C6 /* LaunchScreen.storyboard */ = {
			isa = PBXVariantGroup;
			children = (
				697434F5294DA100004A11C6 /* Base */,
			);
			name = LaunchScreen.storyboard;
			sourceTree = "<group>";
		};
/* End PBXVariantGroup section */

/* Begin XCBuildConfiguration section */
		6974350E294DA100004A11C6 /* Debug */ = {
			isa = XCBuildConfiguration;
			buildSettings = {
				ALWAYS_SEARCH_USER_PATHS = NO;
				CLANG_ANALYZER_NONNULL = YES;
				CLANG_ANALYZER_NUMBER_OBJECT_CONVERSION = YES_AGGRESSIVE;
				CLANG_CXX_LANGUAGE_STANDARD = "gnu++20";
				CLANG_ENABLE_MODULES = YES;
				CLANG_ENABLE_OBJC_ARC = YES;
				CLANG_ENABLE_OBJC_WEAK = YES;
				CLANG_WARN_BLOCK_CAPTURE_AUTORELEASING = YES;
				CLANG_WARN_BOOL_CONVERSION = YES;
				CLANG_WARN_COMMA = YES;
				CLANG_WARN_CONSTANT_CONVERSION = YES;
				CLANG_WARN_DEPRECATED_OBJC_IMPLEMENTATIONS = YES;
				CLANG_WARN_DIRECT_OBJC_ISA_USAGE = YES_ERROR;
				CLANG_WARN_DOCUMENTATION_COMMENTS = YES;
				CLANG_WARN_EMPTY_BODY = YES;
				CLANG_WARN_ENUM_CONVERSION = YES;
				CLANG_WARN_INFINITE_RECURSION = YES;
				CLANG_WARN_INT_CONVERSION = YES;
				CLANG_WARN_NON_LITERAL_NULL_CONVERSION = YES;
				CLANG_WARN_OBJC_IMPLICIT_RETAIN_SELF = YES;
				CLANG_WARN_OBJC_LITERAL_CONVERSION = YES;
				CLANG_WARN_OBJC_ROOT_CLASS = YES_ERROR;
				CLANG_WARN_QUOTED_INCLUDE_IN_FRAMEWORK_HEADER = YES;
				CLANG_WARN_RANGE_LOOP_ANALYSIS = YES;
				CLANG_WARN_STRICT_PROTOTYPES = YES;
				CLANG_WARN_SUSPICIOUS_MOVE = YES;
				CLANG_WARN_UNGUARDED_AVAILABILITY = YES_AGGRESSIVE;
				CLANG_WARN_UNREACHABLE_CODE = YES;
				CLANG_WARN__DUPLICATE_METHOD_MATCH = YES;
				COPY_PHASE_STRIP = NO;
				DEBUG_INFORMATION_FORMAT = dwarf;
				ENABLE_STRICT_OBJC_MSGSEND = YES;
				ENABLE_TESTABILITY = YES;
				GCC_C_LANGUAGE_STANDARD = gnu11;
				GCC_DYNAMIC_NO_PIC = NO;
				GCC_NO_COMMON_BLOCKS = YES;
				GCC_OPTIMIZATION_LEVEL = 0;
				GCC_PREPROCESSOR_DEFINITIONS = (
					"DEBUG=1",
					"$(inherited)",
				);
				GCC_WARN_64_TO_32_BIT_CONVERSION = YES;
				GCC_WARN_ABOUT_RETURN_TYPE = YES_ERROR;
				GCC_WARN_UNDECLARED_SELECTOR = YES;
				GCC_WARN_UNINITIALIZED_AUTOS = YES_AGGRESSIVE;
				GCC_WARN_UNUSED_FUNCTION = YES;
				GCC_WARN_UNUSED_VARIABLE = YES;
				IPHONEOS_DEPLOYMENT_TARGET = 16.0;
				MTL_ENABLE_DEBUG_INFO = INCLUDE_SOURCE;
				MTL_FAST_MATH = YES;
				ONLY_ACTIVE_ARCH = YES;
				SDKROOT = iphoneos;
				SWIFT_ACTIVE_COMPILATION_CONDITIONS = DEBUG;
				SWIFT_OPTIMIZATION_LEVEL = "-Onone";
			};
			name = Debug;
		};
		6974350F294DA100004A11C6 /* Release */ = {
			isa = XCBuildConfiguration;
			buildSettings = {
				ALWAYS_SEARCH_USER_PATHS = NO;
				CLANG_ANALYZER_NONNULL = YES;
				CLANG_ANALYZER_NUMBER_OBJECT_CONVERSION = YES_AGGRESSIVE;
				CLANG_CXX_LANGUAGE_STANDARD = "gnu++20";
				CLANG_ENABLE_MODULES = YES;
				CLANG_ENABLE_OBJC_ARC = YES;
				CLANG_ENABLE_OBJC_WEAK = YES;
				CLANG_WARN_BLOCK_CAPTURE_AUTORELEASING = YES;
				CLANG_WARN_BOOL_CONVERSION = YES;
				CLANG_WARN_COMMA = YES;
				CLANG_WARN_CONSTANT_CONVERSION = YES;
				CLANG_WARN_DEPRECATED_OBJC_IMPLEMENTATIONS = YES;
				CLANG_WARN_DIRECT_OBJC_ISA_USAGE = YES_ERROR;
				CLANG_WARN_DOCUMENTATION_COMMENTS = YES;
				CLANG_WARN_EMPTY_BODY = YES;
				CLANG_WARN_ENUM_CONVERSION = YES;
				CLANG_WARN_INFINITE_RECURSION = YES;
				CLANG_WARN_INT_CONVERSION = YES;
				CLANG_WARN_NON_LITERAL_NULL_CONVERSION = YES;
				CLANG_WARN_OBJC_IMPLICIT_RETAIN_SELF = YES;
				CLANG_WARN_OBJC_LITERAL_CONVERSION = YES;
				CLANG_WARN_OBJC_ROOT_CLASS = YES_ERROR;
				CLANG_WARN_QUOTED_INCLUDE_IN_FRAMEWORK_HEADER = YES;
				CLANG_WARN_RANGE_LOOP_ANALYSIS = YES;
				CLANG_WARN_STRICT_PROTOTYPES = YES;
				CLANG_WARN_SUSPICIOUS_MOVE = YES;
				CLANG_WARN_UNGUARDED_AVAILABILITY = YES_AGGRESSIVE;
				CLANG_WARN_UNREACHABLE_CODE = YES;
				CLANG_WARN__DUPLICATE_METHOD_MATCH = YES;
				COPY_PHASE_STRIP = NO;
				DEBUG_INFORMATION_FORMAT = "dwarf-with-dsym";
				ENABLE_NS_ASSERTIONS = NO;
				ENABLE_STRICT_OBJC_MSGSEND = YES;
				GCC_C_LANGUAGE_STANDARD = gnu11;
				GCC_NO_COMMON_BLOCKS = YES;
				GCC_WARN_64_TO_32_BIT_CONVERSION = YES;
				GCC_WARN_ABOUT_RETURN_TYPE = YES_ERROR;
				GCC_WARN_UNDECLARED_SELECTOR = YES;
				GCC_WARN_UNINITIALIZED_AUTOS = YES_AGGRESSIVE;
				GCC_WARN_UNUSED_FUNCTION = YES;
				GCC_WARN_UNUSED_VARIABLE = YES;
				IPHONEOS_DEPLOYMENT_TARGET = 16.0;
				MTL_ENABLE_DEBUG_INFO = NO;
				MTL_FAST_MATH = YES;
				SDKROOT = iphoneos;
				SWIFT_COMPILATION_MODE = wholemodule;
				SWIFT_OPTIMIZATION_LEVEL = "-O";
				VALIDATE_PRODUCT = YES;
			};
			name = Release;
		};
		69743511294DA100004A11C6 /* Debug */ = {
			isa = XCBuildConfiguration;
			buildSettings = {
				ASSETCATALOG_COMPILER_APPICON_NAME = AppIcon;
				ASSETCATALOG_COMPILER_GLOBAL_ACCENT_COLOR_NAME = AccentColor;
				CODE_SIGN_STYLE = Automatic;
				CURRENT_PROJECT_VERSION = 1;
				GENERATE_INFOPLIST_FILE = YES;
				INFOPLIST_FILE = "netflix-clone/Info.plist";
				INFOPLIST_KEY_UIApplicationSupportsIndirectInputEvents = YES;
				INFOPLIST_KEY_UILaunchStoryboardName = LaunchScreen;
				INFOPLIST_KEY_UISupportedInterfaceOrientations_iPad = "UIInterfaceOrientationPortrait UIInterfaceOrientationPortraitUpsideDown UIInterfaceOrientationLandscapeLeft UIInterfaceOrientationLandscapeRight";
				INFOPLIST_KEY_UISupportedInterfaceOrientations_iPhone = "UIInterfaceOrientationPortrait UIInterfaceOrientationLandscapeLeft UIInterfaceOrientationLandscapeRight";
				LD_RUNPATH_SEARCH_PATHS = (
					"$(inherited)",
					"@executable_path/Frameworks",
				);
				MARKETING_VERSION = 1.0;
				PRODUCT_BUNDLE_IDENTIFIER = "Chaplin.netflix-clone";
				PRODUCT_NAME = "$(TARGET_NAME)";
				SWIFT_EMIT_LOC_STRINGS = YES;
				SWIFT_VERSION = 5.0;
				TARGETED_DEVICE_FAMILY = "1,2";
			};
			name = Debug;
		};
		69743512294DA100004A11C6 /* Release */ = {
			isa = XCBuildConfiguration;
			buildSettings = {
				ASSETCATALOG_COMPILER_APPICON_NAME = AppIcon;
				ASSETCATALOG_COMPILER_GLOBAL_ACCENT_COLOR_NAME = AccentColor;
				CODE_SIGN_STYLE = Automatic;
				CURRENT_PROJECT_VERSION = 1;
				GENERATE_INFOPLIST_FILE = YES;
				INFOPLIST_FILE = "netflix-clone/Info.plist";
				INFOPLIST_KEY_UIApplicationSupportsIndirectInputEvents = YES;
				INFOPLIST_KEY_UILaunchStoryboardName = LaunchScreen;
				INFOPLIST_KEY_UISupportedInterfaceOrientations_iPad = "UIInterfaceOrientationPortrait UIInterfaceOrientationPortraitUpsideDown UIInterfaceOrientationLandscapeLeft UIInterfaceOrientationLandscapeRight";
				INFOPLIST_KEY_UISupportedInterfaceOrientations_iPhone = "UIInterfaceOrientationPortrait UIInterfaceOrientationLandscapeLeft UIInterfaceOrientationLandscapeRight";
				LD_RUNPATH_SEARCH_PATHS = (
					"$(inherited)",
					"@executable_path/Frameworks",
				);
				MARKETING_VERSION = 1.0;
				PRODUCT_BUNDLE_IDENTIFIER = "Chaplin.netflix-clone";
				PRODUCT_NAME = "$(TARGET_NAME)";
				SWIFT_EMIT_LOC_STRINGS = YES;
				SWIFT_VERSION = 5.0;
				TARGETED_DEVICE_FAMILY = "1,2";
			};
			name = Release;
		};
		69743514294DA100004A11C6 /* Debug */ = {
			isa = XCBuildConfiguration;
			buildSettings = {
				ALWAYS_EMBED_SWIFT_STANDARD_LIBRARIES = YES;
				BUNDLE_LOADER = "$(TEST_HOST)";
				CODE_SIGN_STYLE = Automatic;
				CURRENT_PROJECT_VERSION = 1;
				GENERATE_INFOPLIST_FILE = YES;
				IPHONEOS_DEPLOYMENT_TARGET = 16.0;
				MARKETING_VERSION = 1.0;
				PRODUCT_BUNDLE_IDENTIFIER = "Chaplin.netflix-cloneTests";
				PRODUCT_NAME = "$(TARGET_NAME)";
				SWIFT_EMIT_LOC_STRINGS = NO;
				SWIFT_VERSION = 5.0;
				TARGETED_DEVICE_FAMILY = "1,2";
				TEST_HOST = "$(BUILT_PRODUCTS_DIR)/netflix-clone.app/$(BUNDLE_EXECUTABLE_FOLDER_PATH)/netflix-clone";
			};
			name = Debug;
		};
		69743515294DA100004A11C6 /* Release */ = {
			isa = XCBuildConfiguration;
			buildSettings = {
				ALWAYS_EMBED_SWIFT_STANDARD_LIBRARIES = YES;
				BUNDLE_LOADER = "$(TEST_HOST)";
				CODE_SIGN_STYLE = Automatic;
				CURRENT_PROJECT_VERSION = 1;
				GENERATE_INFOPLIST_FILE = YES;
				IPHONEOS_DEPLOYMENT_TARGET = 16.0;
				MARKETING_VERSION = 1.0;
				PRODUCT_BUNDLE_IDENTIFIER = "Chaplin.netflix-cloneTests";
				PRODUCT_NAME = "$(TARGET_NAME)";
				SWIFT_EMIT_LOC_STRINGS = NO;
				SWIFT_VERSION = 5.0;
				TARGETED_DEVICE_FAMILY = "1,2";
				TEST_HOST = "$(BUILT_PRODUCTS_DIR)/netflix-clone.app/$(BUNDLE_EXECUTABLE_FOLDER_PATH)/netflix-clone";
			};
			name = Release;
		};
		69743517294DA100004A11C6 /* Debug */ = {
			isa = XCBuildConfiguration;
			buildSettings = {
				ALWAYS_EMBED_SWIFT_STANDARD_LIBRARIES = YES;
				CODE_SIGN_STYLE = Automatic;
				CURRENT_PROJECT_VERSION = 1;
				GENERATE_INFOPLIST_FILE = YES;
				MARKETING_VERSION = 1.0;
				PRODUCT_BUNDLE_IDENTIFIER = "Chaplin.netflix-cloneUITests";
				PRODUCT_NAME = "$(TARGET_NAME)";
				SWIFT_EMIT_LOC_STRINGS = NO;
				SWIFT_VERSION = 5.0;
				TARGETED_DEVICE_FAMILY = "1,2";
				TEST_TARGET_NAME = "netflix-clone";
			};
			name = Debug;
		};
		69743518294DA100004A11C6 /* Release */ = {
			isa = XCBuildConfiguration;
			buildSettings = {
				ALWAYS_EMBED_SWIFT_STANDARD_LIBRARIES = YES;
				CODE_SIGN_STYLE = Automatic;
				CURRENT_PROJECT_VERSION = 1;
				GENERATE_INFOPLIST_FILE = YES;
				MARKETING_VERSION = 1.0;
				PRODUCT_BUNDLE_IDENTIFIER = "Chaplin.netflix-cloneUITests";
				PRODUCT_NAME = "$(TARGET_NAME)";
				SWIFT_EMIT_LOC_STRINGS = NO;
				SWIFT_VERSION = 5.0;
				TARGETED_DEVICE_FAMILY = "1,2";
				TEST_TARGET_NAME = "netflix-clone";
			};
			name = Release;
		};
/* End XCBuildConfiguration section */

/* Begin XCConfigurationList section */
		697434E1294DA0FF004A11C6 /* Build configuration list for PBXProject "netflix-clone" */ = {
			isa = XCConfigurationList;
			buildConfigurations = (
				6974350E294DA100004A11C6 /* Debug */,
				6974350F294DA100004A11C6 /* Release */,
			);
			defaultConfigurationIsVisible = 0;
			defaultConfigurationName = Release;
		};
		69743510294DA100004A11C6 /* Build configuration list for PBXNativeTarget "netflix-clone" */ = {
			isa = XCConfigurationList;
			buildConfigurations = (
				69743511294DA100004A11C6 /* Debug */,
				69743512294DA100004A11C6 /* Release */,
			);
			defaultConfigurationIsVisible = 0;
			defaultConfigurationName = Release;
		};
		69743513294DA100004A11C6 /* Build configuration list for PBXNativeTarget "netflix-cloneTests" */ = {
			isa = XCConfigurationList;
			buildConfigurations = (
				69743514294DA100004A11C6 /* Debug */,
				69743515294DA100004A11C6 /* Release */,
			);
			defaultConfigurationIsVisible = 0;
			defaultConfigurationName = Release;
		};
		69743516294DA100004A11C6 /* Build configuration list for PBXNativeTarget "netflix-cloneUITests" */ = {
			isa = XCConfigurationList;
			buildConfigurations = (
				69743517294DA100004A11C6 /* Debug */,
				69743518294DA100004A11C6 /* Release */,
			);
			defaultConfigurationIsVisible = 0;
			defaultConfigurationName = Release;
		};
/* End XCConfigurationList section */
	};
	rootObject = 697434DE294DA0FF004A11C6 /* Project object */;
}
